// !$*UTF8*$!
{
	archiveVersion = 1;
	classes = {
	};
	objectVersion = 52;
	objects = {

/* Begin PBXBuildFile section */
		9D95676525188EA70071A7B6 /* AppDelegate.m in Sources */ = {isa = PBXBuildFile; fileRef = 9D95676425188EA70071A7B6 /* AppDelegate.m */; };
		9D95676825188EA70071A7B6 /* SceneDelegate.m in Sources */ = {isa = PBXBuildFile; fileRef = 9D95676725188EA70071A7B6 /* SceneDelegate.m */; };
		9D95676B25188EA70071A7B6 /* FirstViewController.m in Sources */ = {isa = PBXBuildFile; fileRef = 9D95676A25188EA70071A7B6 /* FirstViewController.m */; };
		9D95676E25188EA70071A7B6 /* Main.storyboard in Resources */ = {isa = PBXBuildFile; fileRef = 9D95676C25188EA70071A7B6 /* Main.storyboard */; };
		9D95677125188EA70071A7B6 /* AppTest.xcdatamodeld in Sources */ = {isa = PBXBuildFile; fileRef = 9D95676F25188EA70071A7B6 /* AppTest.xcdatamodeld */; };
		9D95677325188EAA0071A7B6 /* Assets.xcassets in Resources */ = {isa = PBXBuildFile; fileRef = 9D95677225188EAA0071A7B6 /* Assets.xcassets */; };
		9D95677625188EAA0071A7B6 /* LaunchScreen.storyboard in Resources */ = {isa = PBXBuildFile; fileRef = 9D95677425188EAA0071A7B6 /* LaunchScreen.storyboard */; };
		9D95677925188EAA0071A7B6 /* main.m in Sources */ = {isa = PBXBuildFile; fileRef = 9D95677825188EAA0071A7B6 /* main.m */; };
		9D9567832518A59B0071A7B6 /* DelegateView.m in Sources */ = {isa = PBXBuildFile; fileRef = 9D9567822518A59B0071A7B6 /* DelegateView.m */; };
		9DCBE66D25205ADF009EF8F9 /* SecondViewController.m in Sources */ = {isa = PBXBuildFile; fileRef = 9DCBE66C25205ADF009EF8F9 /* SecondViewController.m */; };
		9DCBE697252077F0009EF8F9 /* FirstImage@3x.png in Resources */ = {isa = PBXBuildFile; fileRef = 9DCBE693252077F0009EF8F9 /* FirstImage@3x.png */; };
		9DCBE698252077F0009EF8F9 /* FirstImage@2x.png in Resources */ = {isa = PBXBuildFile; fileRef = 9DCBE694252077F0009EF8F9 /* FirstImage@2x.png */; };
		9DCBE69C25208AAB009EF8F9 /* SecondImage@2x.png in Resources */ = {isa = PBXBuildFile; fileRef = 9DCBE69A25208AAB009EF8F9 /* SecondImage@2x.png */; };
		9DCBE69D25208AAB009EF8F9 /* SecondImage@3x.png in Resources */ = {isa = PBXBuildFile; fileRef = 9DCBE69B25208AAB009EF8F9 /* SecondImage@3x.png */; };
		9DCBE6A12520B2A9009EF8F9 /* DBManager.m in Sources */ = {isa = PBXBuildFile; fileRef = 9DCBE6A02520B2A9009EF8F9 /* DBManager.m */; };
		9DCBE6A425217C22009EF8F9 /* PersonDetailCell.m in Sources */ = {isa = PBXBuildFile; fileRef = 9DCBE6A325217C22009EF8F9 /* PersonDetailCell.m */; };
		9DCBE6A72521B768009EF8F9 /* EditPersonView.m in Sources */ = {isa = PBXBuildFile; fileRef = 9DCBE6A62521B768009EF8F9 /* EditPersonView.m */; };
		9DCC5C14253001A30090C713 /* BlockViewController.m in Sources */ = {isa = PBXBuildFile; fileRef = 9DCC5C13253001A30090C713 /* BlockViewController.m */; };
		9DCC5C1C253053700090C713 /* GCDTest.m in Sources */ = {isa = PBXBuildFile; fileRef = 9DCC5C1B253053700090C713 /* GCDTest.m */; };
		9DCC5C67253196440090C713 /* Person.m in Sources */ = {isa = PBXBuildFile; fileRef = 9DCC5C66253196440090C713 /* Person.m */; };
		9DCC5C6A2531A4540090C713 /* CustomButton.m in Sources */ = {isa = PBXBuildFile; fileRef = 9DCC5C692531A4540090C713 /* CustomButton.m */; };
		9DCC5C702531ABBF0090C713 /* NetViewController.m in Sources */ = {isa = PBXBuildFile; fileRef = 9DCC5C6F2531ABBF0090C713 /* NetViewController.m */; };
/* End PBXBuildFile section */

/* Begin PBXFileReference section */
		9D95676025188EA70071A7B6 /* AppTest.app */ = {isa = PBXFileReference; explicitFileType = wrapper.application; includeInIndex = 0; path = AppTest.app; sourceTree = BUILT_PRODUCTS_DIR; };
		9D95676325188EA70071A7B6 /* AppDelegate.h */ = {isa = PBXFileReference; lastKnownFileType = sourcecode.c.h; path = AppDelegate.h; sourceTree = "<group>"; };
		9D95676425188EA70071A7B6 /* AppDelegate.m */ = {isa = PBXFileReference; lastKnownFileType = sourcecode.c.objc; path = AppDelegate.m; sourceTree = "<group>"; };
		9D95676625188EA70071A7B6 /* SceneDelegate.h */ = {isa = PBXFileReference; lastKnownFileType = sourcecode.c.h; path = SceneDelegate.h; sourceTree = "<group>"; };
		9D95676725188EA70071A7B6 /* SceneDelegate.m */ = {isa = PBXFileReference; lastKnownFileType = sourcecode.c.objc; path = SceneDelegate.m; sourceTree = "<group>"; };
		9D95676925188EA70071A7B6 /* FirstViewController.h */ = {isa = PBXFileReference; lastKnownFileType = sourcecode.c.h; path = FirstViewController.h; sourceTree = "<group>"; };
		9D95676A25188EA70071A7B6 /* FirstViewController.m */ = {isa = PBXFileReference; lastKnownFileType = sourcecode.c.objc; path = FirstViewController.m; sourceTree = "<group>"; };
		9D95676D25188EA70071A7B6 /* Base */ = {isa = PBXFileReference; lastKnownFileType = file.storyboard; name = Base; path = Base.lproj/Main.storyboard; sourceTree = "<group>"; };
		9D95677025188EA70071A7B6 /* AppTest.xcdatamodel */ = {isa = PBXFileReference; lastKnownFileType = wrapper.xcdatamodel; path = AppTest.xcdatamodel; sourceTree = "<group>"; };
		9D95677225188EAA0071A7B6 /* Assets.xcassets */ = {isa = PBXFileReference; lastKnownFileType = folder.assetcatalog; path = Assets.xcassets; sourceTree = "<group>"; };
		9D95677525188EAA0071A7B6 /* Base */ = {isa = PBXFileReference; lastKnownFileType = file.storyboard; name = Base; path = Base.lproj/LaunchScreen.storyboard; sourceTree = "<group>"; };
		9D95677725188EAA0071A7B6 /* Info.plist */ = {isa = PBXFileReference; lastKnownFileType = text.plist.xml; path = Info.plist; sourceTree = "<group>"; };
		9D95677825188EAA0071A7B6 /* main.m */ = {isa = PBXFileReference; lastKnownFileType = sourcecode.c.objc; path = main.m; sourceTree = "<group>"; };
		9D9567812518A59B0071A7B6 /* DelegateView.h */ = {isa = PBXFileReference; lastKnownFileType = sourcecode.c.h; path = DelegateView.h; sourceTree = "<group>"; };
		9D9567822518A59B0071A7B6 /* DelegateView.m */ = {isa = PBXFileReference; lastKnownFileType = sourcecode.c.objc; path = DelegateView.m; sourceTree = "<group>"; };
		9DCBE66B25205ADF009EF8F9 /* SecondViewController.h */ = {isa = PBXFileReference; lastKnownFileType = sourcecode.c.h; path = SecondViewController.h; sourceTree = "<group>"; };
		9DCBE66C25205ADF009EF8F9 /* SecondViewController.m */ = {isa = PBXFileReference; lastKnownFileType = sourcecode.c.objc; path = SecondViewController.m; sourceTree = "<group>"; };
		9DCBE693252077F0009EF8F9 /* FirstImage@3x.png */ = {isa = PBXFileReference; lastKnownFileType = image.png; path = "FirstImage@3x.png"; sourceTree = "<group>"; };
		9DCBE694252077F0009EF8F9 /* FirstImage@2x.png */ = {isa = PBXFileReference; lastKnownFileType = image.png; path = "FirstImage@2x.png"; sourceTree = "<group>"; };
		9DCBE69A25208AAB009EF8F9 /* SecondImage@2x.png */ = {isa = PBXFileReference; lastKnownFileType = image.png; name = "SecondImage@2x.png"; path = "AppTest/images/SecondImage@2x.png"; sourceTree = SOURCE_ROOT; };
		9DCBE69B25208AAB009EF8F9 /* SecondImage@3x.png */ = {isa = PBXFileReference; lastKnownFileType = image.png; name = "SecondImage@3x.png"; path = "AppTest/images/SecondImage@3x.png"; sourceTree = SOURCE_ROOT; };
		9DCBE69F2520B2A9009EF8F9 /* DBManager.h */ = {isa = PBXFileReference; lastKnownFileType = sourcecode.c.h; path = DBManager.h; sourceTree = "<group>"; };
		9DCBE6A02520B2A9009EF8F9 /* DBManager.m */ = {isa = PBXFileReference; lastKnownFileType = sourcecode.c.objc; path = DBManager.m; sourceTree = "<group>"; };
		9DCBE6A225217C22009EF8F9 /* PersonDetailCell.h */ = {isa = PBXFileReference; lastKnownFileType = sourcecode.c.h; path = PersonDetailCell.h; sourceTree = "<group>"; };
		9DCBE6A325217C22009EF8F9 /* PersonDetailCell.m */ = {isa = PBXFileReference; lastKnownFileType = sourcecode.c.objc; path = PersonDetailCell.m; sourceTree = "<group>"; };
		9DCBE6A52521B768009EF8F9 /* EditPersonView.h */ = {isa = PBXFileReference; lastKnownFileType = sourcecode.c.h; path = EditPersonView.h; sourceTree = "<group>"; };
		9DCBE6A62521B768009EF8F9 /* EditPersonView.m */ = {isa = PBXFileReference; lastKnownFileType = sourcecode.c.objc; path = EditPersonView.m; sourceTree = "<group>"; };
		9DCC5C12253001A30090C713 /* BlockViewController.h */ = {isa = PBXFileReference; lastKnownFileType = sourcecode.c.h; path = BlockViewController.h; sourceTree = "<group>"; };
		9DCC5C13253001A30090C713 /* BlockViewController.m */ = {isa = PBXFileReference; lastKnownFileType = sourcecode.c.objc; path = BlockViewController.m; sourceTree = "<group>"; };
		9DCC5C1A253053700090C713 /* GCDTest.h */ = {isa = PBXFileReference; lastKnownFileType = sourcecode.c.h; path = GCDTest.h; sourceTree = "<group>"; };
		9DCC5C1B253053700090C713 /* GCDTest.m */ = {isa = PBXFileReference; lastKnownFileType = sourcecode.c.objc; path = GCDTest.m; sourceTree = "<group>"; };
		9DCC5C65253196440090C713 /* Person.h */ = {isa = PBXFileReference; lastKnownFileType = sourcecode.c.h; path = Person.h; sourceTree = "<group>"; };
		9DCC5C66253196440090C713 /* Person.m */ = {isa = PBXFileReference; lastKnownFileType = sourcecode.c.objc; path = Person.m; sourceTree = "<group>"; };
		9DCC5C682531A4540090C713 /* CustomButton.h */ = {isa = PBXFileReference; lastKnownFileType = sourcecode.c.h; path = CustomButton.h; sourceTree = "<group>"; };
		9DCC5C692531A4540090C713 /* CustomButton.m */ = {isa = PBXFileReference; lastKnownFileType = sourcecode.c.objc; path = CustomButton.m; sourceTree = "<group>"; };
		9DCC5C6E2531ABBF0090C713 /* NetViewController.h */ = {isa = PBXFileReference; lastKnownFileType = sourcecode.c.h; path = NetViewController.h; sourceTree = "<group>"; };
		9DCC5C6F2531ABBF0090C713 /* NetViewController.m */ = {isa = PBXFileReference; lastKnownFileType = sourcecode.c.objc; path = NetViewController.m; sourceTree = "<group>"; };
/* End PBXFileReference section */

/* Begin PBXFrameworksBuildPhase section */
		9D95675D25188EA70071A7B6 /* Frameworks */ = {
			isa = PBXFrameworksBuildPhase;
			buildActionMask = 2147483647;
			files = (
			);
			runOnlyForDeploymentPostprocessing = 0;
		};
/* End PBXFrameworksBuildPhase section */

/* Begin PBXGroup section */
		9D95675725188EA70071A7B6 = {
			isa = PBXGroup;
			children = (
				9D95676225188EA70071A7B6 /* AppTest */,
				9D95676125188EA70071A7B6 /* Products */,
			);
			sourceTree = "<group>";
		};
		9D95676125188EA70071A7B6 /* Products */ = {
			isa = PBXGroup;
			children = (
				9D95676025188EA70071A7B6 /* AppTest.app */,
			);
			name = Products;
			sourceTree = "<group>";
		};
		9D95676225188EA70071A7B6 /* AppTest */ = {
			isa = PBXGroup;
			children = (
				9DCBE69E2520B281009EF8F9 /* Data Structure */,
				9DCBE699252079B2009EF8F9 /* New Group */,
				9D96C6182520356D00199391 /* View */,
				9D96C6172520354800199391 /* Controller */,
				9D95676325188EA70071A7B6 /* AppDelegate.h */,
				9D95676425188EA70071A7B6 /* AppDelegate.m */,
				9D95676625188EA70071A7B6 /* SceneDelegate.h */,
				9D95676725188EA70071A7B6 /* SceneDelegate.m */,
				9D95676C25188EA70071A7B6 /* Main.storyboard */,
				9D95677225188EAA0071A7B6 /* Assets.xcassets */,
				9D95677425188EAA0071A7B6 /* LaunchScreen.storyboard */,
				9D95677725188EAA0071A7B6 /* Info.plist */,
				9D95677825188EAA0071A7B6 /* main.m */,
				9D95676F25188EA70071A7B6 /* AppTest.xcdatamodeld */,
				9DCC5C1A253053700090C713 /* GCDTest.h */,
				9DCC5C1B253053700090C713 /* GCDTest.m */,
			);
			path = AppTest;
			sourceTree = "<group>";
		};
		9D96C6172520354800199391 /* Controller */ = {
			isa = PBXGroup;
			children = (
				9D95676925188EA70071A7B6 /* FirstViewController.h */,
				9D95676A25188EA70071A7B6 /* FirstViewController.m */,
				9DCBE66B25205ADF009EF8F9 /* SecondViewController.h */,
				9DCBE66C25205ADF009EF8F9 /* SecondViewController.m */,
				9DCC5C12253001A30090C713 /* BlockViewController.h */,
				9DCC5C13253001A30090C713 /* BlockViewController.m */,
				9DCC5C6E2531ABBF0090C713 /* NetViewController.h */,
				9DCC5C6F2531ABBF0090C713 /* NetViewController.m */,
			);
			path = Controller;
			sourceTree = "<group>";
		};
		9D96C6182520356D00199391 /* View */ = {
			isa = PBXGroup;
			children = (
				9D9567812518A59B0071A7B6 /* DelegateView.h */,
				9D9567822518A59B0071A7B6 /* DelegateView.m */,
				9DCBE6A225217C22009EF8F9 /* PersonDetailCell.h */,
				9DCBE6A325217C22009EF8F9 /* PersonDetailCell.m */,
				9DCBE6A52521B768009EF8F9 /* EditPersonView.h */,
				9DCBE6A62521B768009EF8F9 /* EditPersonView.m */,
				9DCC5C682531A4540090C713 /* CustomButton.h */,
				9DCC5C692531A4540090C713 /* CustomButton.m */,
			);
			path = View;
			sourceTree = "<group>";
		};
		9DCBE699252079B2009EF8F9 /* New Group */ = {
			isa = PBXGroup;
			children = (
				9DCBE69A25208AAB009EF8F9 /* SecondImage@2x.png */,
				9DCBE69B25208AAB009EF8F9 /* SecondImage@3x.png */,
				9DCBE693252077F0009EF8F9 /* FirstImage@3x.png */,
				9DCBE694252077F0009EF8F9 /* FirstImage@2x.png */,
			);
			path = "New Group";
			sourceTree = "<group>";
		};
		9DCBE69E2520B281009EF8F9 /* Data Structure */ = {
			isa = PBXGroup;
			children = (
				9DCBE69F2520B2A9009EF8F9 /* DBManager.h */,
				9DCBE6A02520B2A9009EF8F9 /* DBManager.m */,
				9DCC5C65253196440090C713 /* Person.h */,
				9DCC5C66253196440090C713 /* Person.m */,
			);
			path = "Data Structure";
			sourceTree = "<group>";
		};
/* End PBXGroup section */

/* Begin PBXNativeTarget section */
		9D95675F25188EA70071A7B6 /* AppTest */ = {
			isa = PBXNativeTarget;
			buildConfigurationList = 9D95677C25188EAA0071A7B6 /* Build configuration list for PBXNativeTarget "AppTest" */;
			buildPhases = (
				9D95675C25188EA70071A7B6 /* Sources */,
				9D95675D25188EA70071A7B6 /* Frameworks */,
				9D95675E25188EA70071A7B6 /* Resources */,
			);
			buildRules = (
			);
			dependencies = (
			);
			name = AppTest;
			productName = AppTest;
			productReference = 9D95676025188EA70071A7B6 /* AppTest.app */;
			productType = "com.apple.product-type.application";
		};
/* End PBXNativeTarget section */

/* Begin PBXProject section */
		9D95675825188EA70071A7B6 /* Project object */ = {
			isa = PBXProject;
			attributes = {
				LastUpgradeCheck = 1110;
				ORGANIZATIONNAME = "疯狂的盐水吖";
				TargetAttributes = {
					9D95675F25188EA70071A7B6 = {
						CreatedOnToolsVersion = 11.1;
					};
				};
			};
			buildConfigurationList = 9D95675B25188EA70071A7B6 /* Build configuration list for PBXProject "AppTest" */;
			compatibilityVersion = "Xcode 11.0";
			developmentRegion = en;
			hasScannedForEncodings = 0;
			knownRegions = (
				en,
				Base,
			);
			mainGroup = 9D95675725188EA70071A7B6;
			productRefGroup = 9D95676125188EA70071A7B6 /* Products */;
			projectDirPath = "";
			projectRoot = "";
			targets = (
				9D95675F25188EA70071A7B6 /* AppTest */,
			);
		};
/* End PBXProject section */

/* Begin PBXResourcesBuildPhase section */
		9D95675E25188EA70071A7B6 /* Resources */ = {
			isa = PBXResourcesBuildPhase;
			buildActionMask = 2147483647;
			files = (
				9D95677625188EAA0071A7B6 /* LaunchScreen.storyboard in Resources */,
				9D95677325188EAA0071A7B6 /* Assets.xcassets in Resources */,
				9DCBE69C25208AAB009EF8F9 /* SecondImage@2x.png in Resources */,
				9D95676E25188EA70071A7B6 /* Main.storyboard in Resources */,
				9DCBE698252077F0009EF8F9 /* FirstImage@2x.png in Resources */,
				9DCBE697252077F0009EF8F9 /* FirstImage@3x.png in Resources */,
				9DCBE69D25208AAB009EF8F9 /* SecondImage@3x.png in Resources */,
			);
			runOnlyForDeploymentPostprocessing = 0;
		};
/* End PBXResourcesBuildPhase section */

/* Begin PBXSourcesBuildPhase section */
		9D95675C25188EA70071A7B6 /* Sources */ = {
			isa = PBXSourcesBuildPhase;
			buildActionMask = 2147483647;
			files = (
				9D95677925188EAA0071A7B6 /* main.m in Sources */,
				9D95676B25188EA70071A7B6 /* FirstViewController.m in Sources */,
				9D95677125188EA70071A7B6 /* AppTest.xcdatamodeld in Sources */,
				9DCBE66D25205ADF009EF8F9 /* SecondViewController.m in Sources */,
				9D95676525188EA70071A7B6 /* AppDelegate.m in Sources */,
				9DCBE6A72521B768009EF8F9 /* EditPersonView.m in Sources */,
				9DCC5C1C253053700090C713 /* GCDTest.m in Sources */,
				9D95676825188EA70071A7B6 /* SceneDelegate.m in Sources */,
				9DCC5C702531ABBF0090C713 /* NetViewController.m in Sources */,
				9DCC5C14253001A30090C713 /* BlockViewController.m in Sources */,
				9DCC5C67253196440090C713 /* Person.m in Sources */,
				9DCC5C6A2531A4540090C713 /* CustomButton.m in Sources */,
				9D9567832518A59B0071A7B6 /* DelegateView.m in Sources */,
				9DCBE6A12520B2A9009EF8F9 /* DBManager.m in Sources */,
				9DCBE6A425217C22009EF8F9 /* PersonDetailCell.m in Sources */,
			);
			runOnlyForDeploymentPostprocessing = 0;
		};
/* End PBXSourcesBuildPhase section */

/* Begin PBXVariantGroup section */
		9D95676C25188EA70071A7B6 /* Main.storyboard */ = {
			isa = PBXVariantGroup;
			children = (
				9D95676D25188EA70071A7B6 /* Base */,
			);
			name = Main.storyboard;
			sourceTree = "<group>";
		};
		9D95677425188EAA0071A7B6 /* LaunchScreen.storyboard */ = {
			isa = PBXVariantGroup;
			children = (
				9D95677525188EAA0071A7B6 /* Base */,
			);
			name = LaunchScreen.storyboard;
			sourceTree = "<group>";
		};
/* End PBXVariantGroup section */

/* Begin XCBuildConfiguration section */
		9D95677A25188EAA0071A7B6 /* Debug */ = {
			isa = XCBuildConfiguration;
			buildSettings = {
				ALWAYS_SEARCH_USER_PATHS = NO;
				CLANG_ANALYZER_NONNULL = YES;
				CLANG_ANALYZER_NUMBER_OBJECT_CONVERSION = YES_AGGRESSIVE;
				CLANG_CXX_LANGUAGE_STANDARD = "gnu++14";
				CLANG_CXX_LIBRARY = "libc++";
				CLANG_ENABLE_MODULES = YES;
				CLANG_ENABLE_OBJC_ARC = YES;
				CLANG_ENABLE_OBJC_WEAK = YES;
				CLANG_WARN_BLOCK_CAPTURE_AUTORELEASING = YES;
				CLANG_WARN_BOOL_CONVERSION = YES;
				CLANG_WARN_COMMA = YES;
				CLANG_WARN_CONSTANT_CONVERSION = YES;
				CLANG_WARN_DEPRECATED_OBJC_IMPLEMENTATIONS = YES;
				CLANG_WARN_DIRECT_OBJC_ISA_USAGE = YES_ERROR;
				CLANG_WARN_DOCUMENTATION_COMMENTS = YES;
				CLANG_WARN_EMPTY_BODY = YES;
				CLANG_WARN_ENUM_CONVERSION = YES;
				CLANG_WARN_INFINITE_RECURSION = YES;
				CLANG_WARN_INT_CONVERSION = YES;
				CLANG_WARN_NON_LITERAL_NULL_CONVERSION = YES;
				CLANG_WARN_OBJC_IMPLICIT_RETAIN_SELF = YES;
				CLANG_WARN_OBJC_LITERAL_CONVERSION = YES;
				CLANG_WARN_OBJC_ROOT_CLASS = YES_ERROR;
				CLANG_WARN_RANGE_LOOP_ANALYSIS = YES;
				CLANG_WARN_STRICT_PROTOTYPES = YES;
				CLANG_WARN_SUSPICIOUS_MOVE = YES;
				CLANG_WARN_UNGUARDED_AVAILABILITY = YES_AGGRESSIVE;
				CLANG_WARN_UNREACHABLE_CODE = YES;
				CLANG_WARN__DUPLICATE_METHOD_MATCH = YES;
				COPY_PHASE_STRIP = NO;
				DEBUG_INFORMATION_FORMAT = dwarf;
				ENABLE_STRICT_OBJC_MSGSEND = YES;
				ENABLE_TESTABILITY = YES;
				GCC_C_LANGUAGE_STANDARD = gnu11;
				GCC_DYNAMIC_NO_PIC = NO;
				GCC_NO_COMMON_BLOCKS = YES;
				GCC_OPTIMIZATION_LEVEL = 0;
				GCC_PREPROCESSOR_DEFINITIONS = (
					"DEBUG=1",
					"$(inherited)",
				);
				GCC_WARN_64_TO_32_BIT_CONVERSION = YES;
				GCC_WARN_ABOUT_RETURN_TYPE = YES_ERROR;
				GCC_WARN_UNDECLARED_SELECTOR = YES;
				GCC_WARN_UNINITIALIZED_AUTOS = YES_AGGRESSIVE;
				GCC_WARN_UNUSED_FUNCTION = YES;
				GCC_WARN_UNUSED_VARIABLE = YES;
				IPHONEOS_DEPLOYMENT_TARGET = 13.0;
				MTL_ENABLE_DEBUG_INFO = INCLUDE_SOURCE;
				MTL_FAST_MATH = YES;
				ONLY_ACTIVE_ARCH = YES;
				SDKROOT = iphoneos;
			};
			name = Debug;
		};
		9D95677B25188EAA0071A7B6 /* Release */ = {
			isa = XCBuildConfiguration;
			buildSettings = {
				ALWAYS_SEARCH_USER_PATHS = NO;
				CLANG_ANALYZER_NONNULL = YES;
				CLANG_ANALYZER_NUMBER_OBJECT_CONVERSION = YES_AGGRESSIVE;
				CLANG_CXX_LANGUAGE_STANDARD = "gnu++14";
				CLANG_CXX_LIBRARY = "libc++";
				CLANG_ENABLE_MODULES = YES;
				CLANG_ENABLE_OBJC_ARC = YES;
				CLANG_ENABLE_OBJC_WEAK = YES;
				CLANG_WARN_BLOCK_CAPTURE_AUTORELEASING = YES;
				CLANG_WARN_BOOL_CONVERSION = YES;
				CLANG_WARN_COMMA = YES;
				CLANG_WARN_CONSTANT_CONVERSION = YES;
				CLANG_WARN_DEPRECATED_OBJC_IMPLEMENTATIONS = YES;
				CLANG_WARN_DIRECT_OBJC_ISA_USAGE = YES_ERROR;
				CLANG_WARN_DOCUMENTATION_COMMENTS = YES;
				CLANG_WARN_EMPTY_BODY = YES;
				CLANG_WARN_ENUM_CONVERSION = YES;
				CLANG_WARN_INFINITE_RECURSION = YES;
				CLANG_WARN_INT_CONVERSION = YES;
				CLANG_WARN_NON_LITERAL_NULL_CONVERSION = YES;
				CLANG_WARN_OBJC_IMPLICIT_RETAIN_SELF = YES;
				CLANG_WARN_OBJC_LITERAL_CONVERSION = YES;
				CLANG_WARN_OBJC_ROOT_CLASS = YES_ERROR;
				CLANG_WARN_RANGE_LOOP_ANALYSIS = YES;
				CLANG_WARN_STRICT_PROTOTYPES = YES;
				CLANG_WARN_SUSPICIOUS_MOVE = YES;
				CLANG_WARN_UNGUARDED_AVAILABILITY = YES_AGGRESSIVE;
				CLANG_WARN_UNREACHABLE_CODE = YES;
				CLANG_WARN__DUPLICATE_METHOD_MATCH = YES;
				COPY_PHASE_STRIP = NO;
				DEBUG_INFORMATION_FORMAT = "dwarf-with-dsym";
				ENABLE_NS_ASSERTIONS = NO;
				ENABLE_STRICT_OBJC_MSGSEND = YES;
				GCC_C_LANGUAGE_STANDARD = gnu11;
				GCC_NO_COMMON_BLOCKS = YES;
				GCC_WARN_64_TO_32_BIT_CONVERSION = YES;
				GCC_WARN_ABOUT_RETURN_TYPE = YES_ERROR;
				GCC_WARN_UNDECLARED_SELECTOR = YES;
				GCC_WARN_UNINITIALIZED_AUTOS = YES_AGGRESSIVE;
				GCC_WARN_UNUSED_FUNCTION = YES;
				GCC_WARN_UNUSED_VARIABLE = YES;
				IPHONEOS_DEPLOYMENT_TARGET = 13.0;
				MTL_ENABLE_DEBUG_INFO = NO;
				MTL_FAST_MATH = YES;
				SDKROOT = iphoneos;
				VALIDATE_PRODUCT = YES;
			};
			name = Release;
		};
		9D95677D25188EAA0071A7B6 /* Debug */ = {
			isa = XCBuildConfiguration;
			buildSettings = {
				ASSETCATALOG_COMPILER_APPICON_NAME = AppIcon;
				CODE_SIGN_STYLE = Automatic;
				DEVELOPMENT_TEAM = WC296XK682;
				INFOPLIST_FILE = AppTest/Info.plist;
				LD_RUNPATH_SEARCH_PATHS = (
					"$(inherited)",
					"@executable_path/Frameworks",
				);
				PRODUCT_BUNDLE_IDENTIFIER = personal.crazyduck.AppTest;
				PRODUCT_NAME = "$(TARGET_NAME)";
				TARGETED_DEVICE_FAMILY = "1,2";
			};
			name = Debug;
		};
		9D95677E25188EAA0071A7B6 /* Release */ = {
			isa = XCBuildConfiguration;
			buildSettings = {
				ASSETCATALOG_COMPILER_APPICON_NAME = AppIcon;
				CODE_SIGN_STYLE = Automatic;
				DEVELOPMENT_TEAM = WC296XK682;
				INFOPLIST_FILE = AppTest/Info.plist;
				LD_RUNPATH_SEARCH_PATHS = (
					"$(inherited)",
					"@executable_path/Frameworks",
				);
				PRODUCT_BUNDLE_IDENTIFIER = personal.crazyduck.AppTest;
				PRODUCT_NAME = "$(TARGET_NAME)";
				TARGETED_DEVICE_FAMILY = "1,2";
			};
			name = Release;
		};
/* End XCBuildConfiguration section */

/* Begin XCConfigurationList section */
		9D95675B25188EA70071A7B6 /* Build configuration list for PBXProject "AppTest" */ = {
			isa = XCConfigurationList;
			buildConfigurations = (
				9D95677A25188EAA0071A7B6 /* Debug */,
				9D95677B25188EAA0071A7B6 /* Release */,
			);
			defaultConfigurationIsVisible = 0;
			defaultConfigurationName = Release;
		};
		9D95677C25188EAA0071A7B6 /* Build configuration list for PBXNativeTarget "AppTest" */ = {
			isa = XCConfigurationList;
			buildConfigurations = (
				9D95677D25188EAA0071A7B6 /* Debug */,
				9D95677E25188EAA0071A7B6 /* Release */,
			);
			defaultConfigurationIsVisible = 0;
			defaultConfigurationName = Release;
		};
/* End XCConfigurationList section */

/* Begin XCVersionGroup section */
		9D95676F25188EA70071A7B6 /* AppTest.xcdatamodeld */ = {
			isa = XCVersionGroup;
			children = (
				9D95677025188EA70071A7B6 /* AppTest.xcdatamodel */,
			);
			currentVersion = 9D95677025188EA70071A7B6 /* AppTest.xcdatamodel */;
			path = AppTest.xcdatamodeld;
			sourceTree = "<group>";
			versionGroupType = wrapper.xcdatamodel;
		};
/* End XCVersionGroup section */
	};
	rootObject = 9D95675825188EA70071A7B6 /* Project object */;
}
